
Microsoft Visual Studio Solution File, Format Version 12.00
# Visual Studio Version 16
VisualStudioVersion = 16.0.29503.13
MinimumVisualStudioVersion = 10.0.40219.1
Project("{FAE04EC0-301F-11D3-BF4B-00C04F79EFBC}") = "webapinetcore", "webapinetcore\webapinetcore.csproj", "{8D48C489-49B0-4FE7-ABB7-9F2F8739E4C5}"
EndProject
Global
	GlobalSection(SolutionConfigurationPlatforms) = preSolution
		Debug|Any CPU = Debug|Any CPU
		Release|Any CPU = Release|Any CPU
	EndGlobalSection
	GlobalSection(ProjectConfigurationPlatforms) = postSolution
		{8D48C489-49B0-4FE7-ABB7-9F2F8739E4C5}.Debug|Any CPU.ActiveCfg = Debug|Any CPU
		{8D48C489-49B0-4FE7-ABB7-9F2F8739E4C5}.Debug|Any CPU.Build.0 = Debug|Any CPU
		{8D48C489-49B0-4FE7-ABB7-9F2F8739E4C5}.Release|Any CPU.ActiveCfg = Release|Any CPU
		{8D48C489-49B0-4FE7-ABB7-9F2F8739E4C5}.Release|Any CPU.Build.0 = Release|Any CPU
	EndGlobalSection
	GlobalSection(SolutionProperties) = preSolution
		HideSolutionNode = FALSE
	EndGlobalSection
	GlobalSection(ExtensibilityGlobals) = postSolution
		SolutionGuid = {2A3ADA2D-8FEC-4992-B9E4-31D942599E76}
	EndGlobalSection
EndGlobal
